
Microsoft Visual Studio Solution File, Format Version 12.00
# Visual Studio Version 17
VisualStudioVersion = 17.5.002.0
MinimumVisualStudioVersion = 10.0.40219.1
Project("{9A19103F-16F7-4668-BE54-9A1E7A4F7556}") = "PersonalProjects", "PersonalProjects.csproj", "{5D5E3396-13C4-4623-8B12-3D415967C43F}"
EndProject
Global
	GlobalSection(SolutionConfigurationPlatforms) = preSolution
		Debug|Any CPU = Debug|Any CPU
		Release|Any CPU = Release|Any CPU
	EndGlobalSection
	GlobalSection(ProjectConfigurationPlatforms) = postSolution
		{5D5E3396-13C4-4623-8B12-3D415967C43F}.Debug|Any CPU.ActiveCfg = Debug|Any CPU
		{5D5E3396-13C4-4623-8B12-3D415967C43F}.Debug|Any CPU.Build.0 = Debug|Any CPU
		{5D5E3396-13C4-4623-8B12-3D415967C43F}.Release|Any CPU.ActiveCfg = Release|Any CPU
		{5D5E3396-13C4-4623-8B12-3D415967C43F}.Release|Any CPU.Build.0 = Release|Any CPU
	EndGlobalSection
	GlobalSection(SolutionProperties) = preSolution
		HideSolutionNode = FALSE
	EndGlobalSection
	GlobalSection(ExtensibilityGlobals) = postSolution
		SolutionGuid = {1AD90C90-2A3E-4875-B943-17CA72E1291C}
	EndGlobalSection
EndGlobal
